// !$*UTF8*$!
{
	archiveVersion = 1;
	classes = {
	};
	objectVersion = 55;
	objects = {

/* Begin PBXBuildFile section */
		4221550529D70E32001196C4 /* AppDelegate.swift in Sources */ = {isa = PBXBuildFile; fileRef = 4221550429D70E32001196C4 /* AppDelegate.swift */; };
		4221550729D70E32001196C4 /* SceneDelegate.swift in Sources */ = {isa = PBXBuildFile; fileRef = 4221550629D70E32001196C4 /* SceneDelegate.swift */; };
		4221550929D70E32001196C4 /* HomeController.swift in Sources */ = {isa = PBXBuildFile; fileRef = 4221550829D70E32001196C4 /* HomeController.swift */; };
		4221550E29D70E34001196C4 /* Assets.xcassets in Resources */ = {isa = PBXBuildFile; fileRef = 4221550D29D70E34001196C4 /* Assets.xcassets */; };
		4221551129D70E34001196C4 /* LaunchScreen.storyboard in Resources */ = {isa = PBXBuildFile; fileRef = 4221550F29D70E34001196C4 /* LaunchScreen.storyboard */; };
		4237C5A729D70FE700E08695 /* Constants.swift in Sources */ = {isa = PBXBuildFile; fileRef = 4237C5A629D70FE700E08695 /* Constants.swift */; };
		4237C5A929D718CF00E08695 /* Coin.swift in Sources */ = {isa = PBXBuildFile; fileRef = 4237C5A829D718CF00E08695 /* Coin.swift */; };
		4237C5AB29D71A8D00E08695 /* CoinCell.swift in Sources */ = {isa = PBXBuildFile; fileRef = 4237C5AA29D71A8D00E08695 /* CoinCell.swift */; };
		4237C5AD29D72DD100E08695 /* ViewCryptoController.swift in Sources */ = {isa = PBXBuildFile; fileRef = 4237C5AC29D72DD100E08695 /* ViewCryptoController.swift */; };
		425218B429D854A200CD5CA1 /* ViewCryptoControllerViewModel.swift in Sources */ = {isa = PBXBuildFile; fileRef = 425218B329D854A200CD5CA1 /* ViewCryptoControllerViewModel.swift */; };
		425218B629D864BD00CD5CA1 /* CoinError.swift in Sources */ = {isa = PBXBuildFile; fileRef = 425218B529D864BD00CD5CA1 /* CoinError.swift */; };
		425218B829D88BB000CD5CA1 /* HTTP.swift in Sources */ = {isa = PBXBuildFile; fileRef = 425218B729D88BB000CD5CA1 /* HTTP.swift */; };
		425218BA29D88D1800CD5CA1 /* Endpoint.swift in Sources */ = {isa = PBXBuildFile; fileRef = 425218B929D88D1700CD5CA1 /* Endpoint.swift */; };
		425218BC29D89C1D00CD5CA1 /* CoinService.swift in Sources */ = {isa = PBXBuildFile; fileRef = 425218BB29D89C1D00CD5CA1 /* CoinService.swift */; };
		425218BE29D8A1D100CD5CA1 /* HomeControllerViewModel.swift in Sources */ = {isa = PBXBuildFile; fileRef = 425218BD29D8A1D100CD5CA1 /* HomeControllerViewModel.swift */; };
		46D0ACE55CEB33B269F28042 /* Pods_iCryypt_Pro.framework in Frameworks */ = {isa = PBXBuildFile; fileRef = 934E549F719056F84035BB33 /* Pods_iCryypt_Pro.framework */; };
/* End PBXBuildFile section */

/* Begin PBXFileReference section */
		4221550129D70E32001196C4 /* iCryypt-Pro.app */ = {isa = PBXFileReference; explicitFileType = wrapper.application; includeInIndex = 0; path = "iCryypt-Pro.app"; sourceTree = BUILT_PRODUCTS_DIR; };
		4221550429D70E32001196C4 /* AppDelegate.swift */ = {isa = PBXFileReference; lastKnownFileType = sourcecode.swift; path = AppDelegate.swift; sourceTree = "<group>"; };
		4221550629D70E32001196C4 /* SceneDelegate.swift */ = {isa = PBXFileReference; lastKnownFileType = sourcecode.swift; path = SceneDelegate.swift; sourceTree = "<group>"; };
		4221550829D70E32001196C4 /* HomeController.swift */ = {isa = PBXFileReference; lastKnownFileType = sourcecode.swift; path = HomeController.swift; sourceTree = "<group>"; };
		4221550D29D70E34001196C4 /* Assets.xcassets */ = {isa = PBXFileReference; lastKnownFileType = folder.assetcatalog; path = Assets.xcassets; sourceTree = "<group>"; };
		4221551029D70E34001196C4 /* Base */ = {isa = PBXFileReference; lastKnownFileType = file.storyboard; name = Base; path = Base.lproj/LaunchScreen.storyboard; sourceTree = "<group>"; };
		4221551229D70E34001196C4 /* Info.plist */ = {isa = PBXFileReference; lastKnownFileType = text.plist.xml; path = Info.plist; sourceTree = "<group>"; };
		4237C5A629D70FE700E08695 /* Constants.swift */ = {isa = PBXFileReference; lastKnownFileType = sourcecode.swift; path = Constants.swift; sourceTree = "<group>"; };
		4237C5A829D718CF00E08695 /* Coin.swift */ = {isa = PBXFileReference; lastKnownFileType = sourcecode.swift; path = Coin.swift; sourceTree = "<group>"; };
		4237C5AA29D71A8D00E08695 /* CoinCell.swift */ = {isa = PBXFileReference; lastKnownFileType = sourcecode.swift; path = CoinCell.swift; sourceTree = "<group>"; };
		4237C5AC29D72DD100E08695 /* ViewCryptoController.swift */ = {isa = PBXFileReference; lastKnownFileType = sourcecode.swift; path = ViewCryptoController.swift; sourceTree = "<group>"; };
		425218B329D854A200CD5CA1 /* ViewCryptoControllerViewModel.swift */ = {isa = PBXFileReference; lastKnownFileType = sourcecode.swift; path = ViewCryptoControllerViewModel.swift; sourceTree = "<group>"; };
		425218B529D864BD00CD5CA1 /* CoinError.swift */ = {isa = PBXFileReference; lastKnownFileType = sourcecode.swift; path = CoinError.swift; sourceTree = "<group>"; };
		425218B729D88BB000CD5CA1 /* HTTP.swift */ = {isa = PBXFileReference; lastKnownFileType = sourcecode.swift; path = HTTP.swift; sourceTree = "<group>"; };
		425218B929D88D1700CD5CA1 /* Endpoint.swift */ = {isa = PBXFileReference; lastKnownFileType = sourcecode.swift; path = Endpoint.swift; sourceTree = "<group>"; };
		425218BB29D89C1D00CD5CA1 /* CoinService.swift */ = {isa = PBXFileReference; lastKnownFileType = sourcecode.swift; path = CoinService.swift; sourceTree = "<group>"; };
		425218BD29D8A1D100CD5CA1 /* HomeControllerViewModel.swift */ = {isa = PBXFileReference; lastKnownFileType = sourcecode.swift; path = HomeControllerViewModel.swift; sourceTree = "<group>"; };
		934E549F719056F84035BB33 /* Pods_iCryypt_Pro.framework */ = {isa = PBXFileReference; explicitFileType = wrapper.framework; includeInIndex = 0; path = Pods_iCryypt_Pro.framework; sourceTree = BUILT_PRODUCTS_DIR; };
		F7C0B4AD899F090892839405 /* Pods-iCryypt-Pro.debug.xcconfig */ = {isa = PBXFileReference; includeInIndex = 1; lastKnownFileType = text.xcconfig; name = "Pods-iCryypt-Pro.debug.xcconfig"; path = "Target Support Files/Pods-iCryypt-Pro/Pods-iCryypt-Pro.debug.xcconfig"; sourceTree = "<group>"; };
		FF4973ABB8FFE853E0E01FC5 /* Pods-iCryypt-Pro.release.xcconfig */ = {isa = PBXFileReference; includeInIndex = 1; lastKnownFileType = text.xcconfig; name = "Pods-iCryypt-Pro.release.xcconfig"; path = "Target Support Files/Pods-iCryypt-Pro/Pods-iCryypt-Pro.release.xcconfig"; sourceTree = "<group>"; };
/* End PBXFileReference section */

/* Begin PBXFrameworksBuildPhase section */
		422154FE29D70E32001196C4 /* Frameworks */ = {
			isa = PBXFrameworksBuildPhase;
			buildActionMask = 2147483647;
			files = (
				46D0ACE55CEB33B269F28042 /* Pods_iCryypt_Pro.framework in Frameworks */,
			);
			runOnlyForDeploymentPostprocessing = 0;
		};
/* End PBXFrameworksBuildPhase section */

/* Begin PBXGroup section */
		422154F829D70E32001196C4 = {
			isa = PBXGroup;
			children = (
				4221550329D70E32001196C4 /* iCryypt-Pro */,
				4221550229D70E32001196C4 /* Products */,
				FD77120BE66C5B64C13D4E0E /* Pods */,
				DF6511A36EC61259AF5BCF1E /* Frameworks */,
			);
			sourceTree = "<group>";
		};
		4221550229D70E32001196C4 /* Products */ = {
			isa = PBXGroup;
			children = (
				4221550129D70E32001196C4 /* iCryypt-Pro.app */,
			);
			name = Products;
			sourceTree = "<group>";
		};
		4221550329D70E32001196C4 /* iCryypt-Pro */ = {
			isa = PBXGroup;
			children = (
				4237C5A529D70F9200E08695 /* API */,
				4237C5A429D70F8F00E08695 /* Models */,
				4237C5A329D70F8C00E08695 /* Views */,
				4237C5A229D70F8800E08695 /* ViewModels */,
				4237C5A129D70F8400E08695 /* Controllers */,
				4237C5A029D70F7D00E08695 /* Supporting */,
				4221551229D70E34001196C4 /* Info.plist */,
			);
			path = "iCryypt-Pro";
			sourceTree = "<group>";
		};
		4237C5A029D70F7D00E08695 /* Supporting */ = {
			isa = PBXGroup;
			children = (
				4221550429D70E32001196C4 /* AppDelegate.swift */,
				4221550629D70E32001196C4 /* SceneDelegate.swift */,
				4221550D29D70E34001196C4 /* Assets.xcassets */,
				4221550F29D70E34001196C4 /* LaunchScreen.storyboard */,
				4237C5A629D70FE700E08695 /* Constants.swift */,
			);
			path = Supporting;
			sourceTree = "<group>";
		};
		4237C5A129D70F8400E08695 /* Controllers */ = {
			isa = PBXGroup;
			children = (
				4221550829D70E32001196C4 /* HomeController.swift */,
				4237C5AC29D72DD100E08695 /* ViewCryptoController.swift */,
			);
			path = Controllers;
			sourceTree = "<group>";
		};
		4237C5A229D70F8800E08695 /* ViewModels */ = {
			isa = PBXGroup;
			children = (
				425218BD29D8A1D100CD5CA1 /* HomeControllerViewModel.swift */,
				425218B329D854A200CD5CA1 /* ViewCryptoControllerViewModel.swift */,
			);
			path = ViewModels;
			sourceTree = "<group>";
		};
		4237C5A329D70F8C00E08695 /* Views */ = {
			isa = PBXGroup;
			children = (
				4237C5AA29D71A8D00E08695 /* CoinCell.swift */,
			);
			path = Views;
			sourceTree = "<group>";
		};
		4237C5A429D70F8F00E08695 /* Models */ = {
			isa = PBXGroup;
			children = (
				4237C5A829D718CF00E08695 /* Coin.swift */,
				425218B529D864BD00CD5CA1 /* CoinError.swift */,
			);
			path = Models;
			sourceTree = "<group>";
		};
		4237C5A529D70F9200E08695 /* API */ = {
			isa = PBXGroup;
			children = (
				425218B729D88BB000CD5CA1 /* HTTP.swift */,
				425218B929D88D1700CD5CA1 /* Endpoint.swift */,
				425218BB29D89C1D00CD5CA1 /* CoinService.swift */,
			);
			path = API;
			sourceTree = "<group>";
		};
		DF6511A36EC61259AF5BCF1E /* Frameworks */ = {
			isa = PBXGroup;
			children = (
				934E549F719056F84035BB33 /* Pods_iCryypt_Pro.framework */,
			);
			name = Frameworks;
			sourceTree = "<group>";
		};
		FD77120BE66C5B64C13D4E0E /* Pods */ = {
			isa = PBXGroup;
			children = (
				F7C0B4AD899F090892839405 /* Pods-iCryypt-Pro.debug.xcconfig */,
				FF4973ABB8FFE853E0E01FC5 /* Pods-iCryypt-Pro.release.xcconfig */,
			);
			name = Pods;
			path = Pods;
			sourceTree = "<group>";
		};
/* End PBXGroup section */

/* Begin PBXNativeTarget section */
		4221550029D70E32001196C4 /* iCryypt-Pro */ = {
			isa = PBXNativeTarget;
			buildConfigurationList = 4221551529D70E34001196C4 /* Build configuration list for PBXNativeTarget "iCryypt-Pro" */;
			buildPhases = (
				79A44CE755861A0B2DBD2801 /* [CP] Check Pods Manifest.lock */,
				422154FD29D70E32001196C4 /* Sources */,
				422154FE29D70E32001196C4 /* Frameworks */,
				422154FF29D70E32001196C4 /* Resources */,
				4D5218445E9F0D6CEDDCCE73 /* [CP] Embed Pods Frameworks */,
			);
			buildRules = (
			);
			dependencies = (
			);
			name = "iCryypt-Pro";
			productName = "iCryypt-Pro";
			productReference = 4221550129D70E32001196C4 /* iCryypt-Pro.app */;
			productType = "com.apple.product-type.application";
		};
/* End PBXNativeTarget section */

/* Begin PBXProject section */
		422154F929D70E32001196C4 /* Project object */ = {
			isa = PBXProject;
			attributes = {
				BuildIndependentTargetsInParallel = 1;
				LastSwiftUpdateCheck = 1320;
				LastUpgradeCheck = 1320;
				TargetAttributes = {
					4221550029D70E32001196C4 = {
						CreatedOnToolsVersion = 13.2.1;
					};
				};
			};
			buildConfigurationList = 422154FC29D70E32001196C4 /* Build configuration list for PBXProject "iCryypt-Pro" */;
			compatibilityVersion = "Xcode 13.0";
			developmentRegion = en;
			hasScannedForEncodings = 0;
			knownRegions = (
				en,
				Base,
			);
			mainGroup = 422154F829D70E32001196C4;
			productRefGroup = 4221550229D70E32001196C4 /* Products */;
			projectDirPath = "";
			projectRoot = "";
			targets = (
				4221550029D70E32001196C4 /* iCryypt-Pro */,
			);
		};
/* End PBXProject section */

/* Begin PBXResourcesBuildPhase section */
		422154FF29D70E32001196C4 /* Resources */ = {
			isa = PBXResourcesBuildPhase;
			buildActionMask = 2147483647;
			files = (
				4221551129D70E34001196C4 /* LaunchScreen.storyboard in Resources */,
				4221550E29D70E34001196C4 /* Assets.xcassets in Resources */,
			);
			runOnlyForDeploymentPostprocessing = 0;
		};
/* End PBXResourcesBuildPhase section */

/* Begin PBXShellScriptBuildPhase section */
		4D5218445E9F0D6CEDDCCE73 /* [CP] Embed Pods Frameworks */ = {
			isa = PBXShellScriptBuildPhase;
			buildActionMask = 2147483647;
			files = (
			);
			inputFileListPaths = (
				"${PODS_ROOT}/Target Support Files/Pods-iCryypt-Pro/Pods-iCryypt-Pro-frameworks-${CONFIGURATION}-input-files.xcfilelist",
			);
			name = "[CP] Embed Pods Frameworks";
			outputFileListPaths = (
				"${PODS_ROOT}/Target Support Files/Pods-iCryypt-Pro/Pods-iCryypt-Pro-frameworks-${CONFIGURATION}-output-files.xcfilelist",
			);
			runOnlyForDeploymentPostprocessing = 0;
			shellPath = /bin/sh;
			shellScript = "\"${PODS_ROOT}/Target Support Files/Pods-iCryypt-Pro/Pods-iCryypt-Pro-frameworks.sh\"\n";
			showEnvVarsInLog = 0;
		};
		79A44CE755861A0B2DBD2801 /* [CP] Check Pods Manifest.lock */ = {
			isa = PBXShellScriptBuildPhase;
			buildActionMask = 2147483647;
			files = (
			);
			inputFileListPaths = (
			);
			inputPaths = (
				"${PODS_PODFILE_DIR_PATH}/Podfile.lock",
				"${PODS_ROOT}/Manifest.lock",
			);
			name = "[CP] Check Pods Manifest.lock";
			outputFileListPaths = (
			);
			outputPaths = (
				"$(DERIVED_FILE_DIR)/Pods-iCryypt-Pro-checkManifestLockResult.txt",
			);
			runOnlyForDeploymentPostprocessing = 0;
			shellPath = /bin/sh;
			shellScript = "diff \"${PODS_PODFILE_DIR_PATH}/Podfile.lock\" \"${PODS_ROOT}/Manifest.lock\" > /dev/null\nif [ $? != 0 ] ; then\n    # print error to STDERR\n    echo \"error: The sandbox is not in sync with the Podfile.lock. Run 'pod install' or update your CocoaPods installation.\" >&2\n    exit 1\nfi\n# This output is used by Xcode 'outputs' to avoid re-running this script phase.\necho \"SUCCESS\" > \"${SCRIPT_OUTPUT_FILE_0}\"\n";
			showEnvVarsInLog = 0;
		};
/* End PBXShellScriptBuildPhase section */

/* Begin PBXSourcesBuildPhase section */
		422154FD29D70E32001196C4 /* Sources */ = {
			isa = PBXSourcesBuildPhase;
			buildActionMask = 2147483647;
			files = (
				4221550929D70E32001196C4 /* HomeController.swift in Sources */,
				4221550529D70E32001196C4 /* AppDelegate.swift in Sources */,
				425218B429D854A200CD5CA1 /* ViewCryptoControllerViewModel.swift in Sources */,
				4221550729D70E32001196C4 /* SceneDelegate.swift in Sources */,
				4237C5AD29D72DD100E08695 /* ViewCryptoController.swift in Sources */,
				425218B829D88BB000CD5CA1 /* HTTP.swift in Sources */,
				425218B629D864BD00CD5CA1 /* CoinError.swift in Sources */,
				4237C5A929D718CF00E08695 /* Coin.swift in Sources */,
				425218BE29D8A1D100CD5CA1 /* HomeControllerViewModel.swift in Sources */,
				4237C5AB29D71A8D00E08695 /* CoinCell.swift in Sources */,
				425218BA29D88D1800CD5CA1 /* Endpoint.swift in Sources */,
				425218BC29D89C1D00CD5CA1 /* CoinService.swift in Sources */,
				4237C5A729D70FE700E08695 /* Constants.swift in Sources */,
			);
			runOnlyForDeploymentPostprocessing = 0;
		};
/* End PBXSourcesBuildPhase section */

/* Begin PBXVariantGroup section */
		4221550F29D70E34001196C4 /* LaunchScreen.storyboard */ = {
			isa = PBXVariantGroup;
			children = (
				4221551029D70E34001196C4 /* Base */,
			);
			name = LaunchScreen.storyboard;
			sourceTree = "<group>";
		};
/* End PBXVariantGroup section */

/* Begin XCBuildConfiguration section */
		4221551329D70E34001196C4 /* Debug */ = {
			isa = XCBuildConfiguration;
			buildSettings = {
				ALWAYS_SEARCH_USER_PATHS = NO;
				CLANG_ANALYZER_NONNULL = YES;
				CLANG_ANALYZER_NUMBER_OBJECT_CONVERSION = YES_AGGRESSIVE;
				CLANG_CXX_LANGUAGE_STANDARD = "gnu++17";
				CLANG_CXX_LIBRARY = "libc++";
				CLANG_ENABLE_MODULES = YES;
				CLANG_ENABLE_OBJC_ARC = YES;
				CLANG_ENABLE_OBJC_WEAK = YES;
				CLANG_WARN_BLOCK_CAPTURE_AUTORELEASING = YES;
				CLANG_WARN_BOOL_CONVERSION = YES;
				CLANG_WARN_COMMA = YES;
				CLANG_WARN_CONSTANT_CONVERSION = YES;
				CLANG_WARN_DEPRECATED_OBJC_IMPLEMENTATIONS = YES;
				CLANG_WARN_DIRECT_OBJC_ISA_USAGE = YES_ERROR;
				CLANG_WARN_DOCUMENTATION_COMMENTS = YES;
				CLANG_WARN_EMPTY_BODY = YES;
				CLANG_WARN_ENUM_CONVERSION = YES;
				CLANG_WARN_INFINITE_RECURSION = YES;
				CLANG_WARN_INT_CONVERSION = YES;
				CLANG_WARN_NON_LITERAL_NULL_CONVERSION = YES;
				CLANG_WARN_OBJC_IMPLICIT_RETAIN_SELF = YES;
				CLANG_WARN_OBJC_LITERAL_CONVERSION = YES;
				CLANG_WARN_OBJC_ROOT_CLASS = YES_ERROR;
				CLANG_WARN_QUOTED_INCLUDE_IN_FRAMEWORK_HEADER = YES;
				CLANG_WARN_RANGE_LOOP_ANALYSIS = YES;
				CLANG_WARN_STRICT_PROTOTYPES = YES;
				CLANG_WARN_SUSPICIOUS_MOVE = YES;
				CLANG_WARN_UNGUARDED_AVAILABILITY = YES_AGGRESSIVE;
				CLANG_WARN_UNREACHABLE_CODE = YES;
				CLANG_WARN__DUPLICATE_METHOD_MATCH = YES;
				COPY_PHASE_STRIP = NO;
				DEBUG_INFORMATION_FORMAT = dwarf;
				ENABLE_STRICT_OBJC_MSGSEND = YES;
				ENABLE_TESTABILITY = YES;
				GCC_C_LANGUAGE_STANDARD = gnu11;
				GCC_DYNAMIC_NO_PIC = NO;
				GCC_NO_COMMON_BLOCKS = YES;
				GCC_OPTIMIZATION_LEVEL = 0;
				GCC_PREPROCESSOR_DEFINITIONS = (
					"DEBUG=1",
					"$(inherited)",
				);
				GCC_WARN_64_TO_32_BIT_CONVERSION = YES;
				GCC_WARN_ABOUT_RETURN_TYPE = YES_ERROR;
				GCC_WARN_UNDECLARED_SELECTOR = YES;
				GCC_WARN_UNINITIALIZED_AUTOS = YES_AGGRESSIVE;
				GCC_WARN_UNUSED_FUNCTION = YES;
				GCC_WARN_UNUSED_VARIABLE = YES;
				IPHONEOS_DEPLOYMENT_TARGET = 13.0;
				MTL_ENABLE_DEBUG_INFO = INCLUDE_SOURCE;
				MTL_FAST_MATH = YES;
				ONLY_ACTIVE_ARCH = YES;
				SDKROOT = iphoneos;
				SWIFT_ACTIVE_COMPILATION_CONDITIONS = DEBUG;
				SWIFT_OPTIMIZATION_LEVEL = "-Onone";
			};
			name = Debug;
		};
		4221551429D70E34001196C4 /* Release */ = {
			isa = XCBuildConfiguration;
			buildSettings = {
				ALWAYS_SEARCH_USER_PATHS = NO;
				CLANG_ANALYZER_NONNULL = YES;
				CLANG_ANALYZER_NUMBER_OBJECT_CONVERSION = YES_AGGRESSIVE;
				CLANG_CXX_LANGUAGE_STANDARD = "gnu++17";
				CLANG_CXX_LIBRARY = "libc++";
				CLANG_ENABLE_MODULES = YES;
				CLANG_ENABLE_OBJC_ARC = YES;
				CLANG_ENABLE_OBJC_WEAK = YES;
				CLANG_WARN_BLOCK_CAPTURE_AUTORELEASING = YES;
				CLANG_WARN_BOOL_CONVERSION = YES;
				CLANG_WARN_COMMA = YES;
				CLANG_WARN_CONSTANT_CONVERSION = YES;
				CLANG_WARN_DEPRECATED_OBJC_IMPLEMENTATIONS = YES;
				CLANG_WARN_DIRECT_OBJC_ISA_USAGE = YES_ERROR;
				CLANG_WARN_DOCUMENTATION_COMMENTS = YES;
				CLANG_WARN_EMPTY_BODY = YES;
				CLANG_WARN_ENUM_CONVERSION = YES;
				CLANG_WARN_INFINITE_RECURSION = YES;
				CLANG_WARN_INT_CONVERSION = YES;
				CLANG_WARN_NON_LITERAL_NULL_CONVERSION = YES;
				CLANG_WARN_OBJC_IMPLICIT_RETAIN_SELF = YES;
				CLANG_WARN_OBJC_LITERAL_CONVERSION = YES;
				CLANG_WARN_OBJC_ROOT_CLASS = YES_ERROR;
				CLANG_WARN_QUOTED_INCLUDE_IN_FRAMEWORK_HEADER = YES;
				CLANG_WARN_RANGE_LOOP_ANALYSIS = YES;
				CLANG_WARN_STRICT_PROTOTYPES = YES;
				CLANG_WARN_SUSPICIOUS_MOVE = YES;
				CLANG_WARN_UNGUARDED_AVAILABILITY = YES_AGGRESSIVE;
				CLANG_WARN_UNREACHABLE_CODE = YES;
				CLANG_WARN__DUPLICATE_METHOD_MATCH = YES;
				COPY_PHASE_STRIP = NO;
				DEBUG_INFORMATION_FORMAT = "dwarf-with-dsym";
				ENABLE_NS_ASSERTIONS = NO;
				ENABLE_STRICT_OBJC_MSGSEND = YES;
				GCC_C_LANGUAGE_STANDARD = gnu11;
				GCC_NO_COMMON_BLOCKS = YES;
				GCC_WARN_64_TO_32_BIT_CONVERSION = YES;
				GCC_WARN_ABOUT_RETURN_TYPE = YES_ERROR;
				GCC_WARN_UNDECLARED_SELECTOR = YES;
				GCC_WARN_UNINITIALIZED_AUTOS = YES_AGGRESSIVE;
				GCC_WARN_UNUSED_FUNCTION = YES;
				GCC_WARN_UNUSED_VARIABLE = YES;
				IPHONEOS_DEPLOYMENT_TARGET = 13.0;
				MTL_ENABLE_DEBUG_INFO = NO;
				MTL_FAST_MATH = YES;
				SDKROOT = iphoneos;
				SWIFT_COMPILATION_MODE = wholemodule;
				SWIFT_OPTIMIZATION_LEVEL = "-O";
				VALIDATE_PRODUCT = YES;
			};
			name = Release;
		};
		4221551629D70E34001196C4 /* Debug */ = {
			isa = XCBuildConfiguration;
			baseConfigurationReference = F7C0B4AD899F090892839405 /* Pods-iCryypt-Pro.debug.xcconfig */;
			buildSettings = {
				ASSETCATALOG_COMPILER_APPICON_NAME = AppIcon;
				ASSETCATALOG_COMPILER_GLOBAL_ACCENT_COLOR_NAME = AccentColor;
				CODE_SIGN_STYLE = Automatic;
				CURRENT_PROJECT_VERSION = 1;
				DEVELOPMENT_TEAM = DXHLAG9HB4;
				GENERATE_INFOPLIST_FILE = YES;
				INFOPLIST_FILE = "iCryypt-Pro/Info.plist";
				INFOPLIST_KEY_UIApplicationSupportsIndirectInputEvents = YES;
				INFOPLIST_KEY_UILaunchStoryboardName = LaunchScreen;
				INFOPLIST_KEY_UISupportedInterfaceOrientations_iPad = "UIInterfaceOrientationPortrait UIInterfaceOrientationPortraitUpsideDown UIInterfaceOrientationLandscapeLeft UIInterfaceOrientationLandscapeRight";
				INFOPLIST_KEY_UISupportedInterfaceOrientations_iPhone = "UIInterfaceOrientationPortrait UIInterfaceOrientationLandscapeLeft UIInterfaceOrientationLandscapeRight";
				IPHONEOS_DEPLOYMENT_TARGET = 13.0;
				LD_RUNPATH_SEARCH_PATHS = (
					"$(inherited)",
					"@executable_path/Frameworks",
				);
				MARKETING_VERSION = 1.0;
				PRODUCT_BUNDLE_IDENTIFIER = "com.codingwithcodebrah.iCryypt-Pro";
				PRODUCT_NAME = "$(TARGET_NAME)";
				SWIFT_EMIT_LOC_STRINGS = YES;
				SWIFT_VERSION = 5.0;
				TARGETED_DEVICE_FAMILY = "1,2";
			};
			name = Debug;
		};
		4221551729D70E34001196C4 /* Release */ = {
			isa = XCBuildConfiguration;
			baseConfigurationReference = FF4973ABB8FFE853E0E01FC5 /* Pods-iCryypt-Pro.release.xcconfig */;
			buildSettings = {
				ASSETCATALOG_COMPILER_APPICON_NAME = AppIcon;
				ASSETCATALOG_COMPILER_GLOBAL_ACCENT_COLOR_NAME = AccentColor;
				CODE_SIGN_STYLE = Automatic;
				CURRENT_PROJECT_VERSION = 1;
				DEVELOPMENT_TEAM = DXHLAG9HB4;
				GENERATE_INFOPLIST_FILE = YES;
				INFOPLIST_FILE = "iCryypt-Pro/Info.plist";
				INFOPLIST_KEY_UIApplicationSupportsIndirectInputEvents = YES;
				INFOPLIST_KEY_UILaunchStoryboardName = LaunchScreen;
				INFOPLIST_KEY_UISupportedInterfaceOrientations_iPad = "UIInterfaceOrientationPortrait UIInterfaceOrientationPortraitUpsideDown UIInterfaceOrientationLandscapeLeft UIInterfaceOrientationLandscapeRight";
				INFOPLIST_KEY_UISupportedInterfaceOrientations_iPhone = "UIInterfaceOrientationPortrait UIInterfaceOrientationLandscapeLeft UIInterfaceOrientationLandscapeRight";
				IPHONEOS_DEPLOYMENT_TARGET = 13.0;
				LD_RUNPATH_SEARCH_PATHS = (
					"$(inherited)",
					"@executable_path/Frameworks",
				);
				MARKETING_VERSION = 1.0;
				PRODUCT_BUNDLE_IDENTIFIER = "com.codingwithcodebrah.iCryypt-Pro";
				PRODUCT_NAME = "$(TARGET_NAME)";
				SWIFT_EMIT_LOC_STRINGS = YES;
				SWIFT_VERSION = 5.0;
				TARGETED_DEVICE_FAMILY = "1,2";
			};
			name = Release;
		};
/* End XCBuildConfiguration section */

/* Begin XCConfigurationList section */
		422154FC29D70E32001196C4 /* Build configuration list for PBXProject "iCryypt-Pro" */ = {
			isa = XCConfigurationList;
			buildConfigurations = (
				4221551329D70E34001196C4 /* Debug */,
				4221551429D70E34001196C4 /* Release */,
			);
			defaultConfigurationIsVisible = 0;
			defaultConfigurationName = Release;
		};
		4221551529D70E34001196C4 /* Build configuration list for PBXNativeTarget "iCryypt-Pro" */ = {
			isa = XCConfigurationList;
			buildConfigurations = (
				4221551629D70E34001196C4 /* Debug */,
				4221551729D70E34001196C4 /* Release */,
			);
			defaultConfigurationIsVisible = 0;
			defaultConfigurationName = Release;
		};
/* End XCConfigurationList section */
	};
	rootObject = 422154F929D70E32001196C4 /* Project object */;
}
