PODS:
  - SDWebImage (5.15.4):
    - SDWebImage/Core (= 5.15.4)
  - SDWebImage/Core (5.15.4)

DEPENDENCIES:
  - SDWebImage

SPEC REPOS:
  trunk:
    - SDWebImage

SPEC CHECKSUMS:
  SDWebImage: 1c39de67663e5eebb2f41324d5d580eeea12dd4c

PODFILE CHECKSUM: 85b798135519ad02e87784be1ac0c53349736f3f

COCOAPODS: 1.11.3
